// !$*UTF8*$!
{
	archiveVersion = 1;
	classes = {
	};
	objectVersion = 56;
	objects = {

/* Begin PBXBuildFile section */
		017435C92E1A0F6800366F13 /* Assets.xcassets in Resources */ = {isa = PBXBuildFile; fileRef = 017435C82E1A0F6800366F13 /* Assets.xcassets */; };
		017435CC2E1A0F6800366F13 /* Preview Assets.xcassets in Resources */ = {isa = PBXBuildFile; fileRef = 017435CB2E1A0F6800366F13 /* Preview Assets.xcassets */; };
		017435D62E1A10D300366F13 /* AppDelegate.swift in Sources */ = {isa = PBXBuildFile; fileRef = 017435D52E1A10D300366F13 /* AppDelegate.swift */; };
		017435DA2E1A118B00366F13 /* InputController.swift in Sources */ = {isa = PBXBuildFile; fileRef = 017435D92E1A118B00366F13 /* InputController.swift */; };
		01A15A0F2E1B64FE003AE624 /* han.png in Resources */ = {isa = PBXBuildFile; fileRef = 01A15A1D2E1B64FE003AE624 /* han.png */; };
		01A15A102E1B64FF003AE624 /* eng.png in Resources */ = {isa = PBXBuildFile; fileRef = 01A15A1E2E1B64FF003AE624 /* eng.png */; };
		01EXTERNAL01EMBED0000001 /* HangulKit.framework in Embed Frameworks */ = {isa = PBXBuildFile; fileRef = 017FD7F82E55E939000E9ABF /* HangulKit.framework */; settings = {ATTRIBUTES = (CodeSignOnCopy, RemoveHeadersOnCopy, ); }; };
		01EXTERNAL01FRAMEWORK001 /* HangulKit.framework in Frameworks */ = {isa = PBXBuildFile; fileRef = 017FD7F82E55E939000E9ABF /* HangulKit.framework */; };
		01MACAPP2E1A0F6600366F13 /* macimeApp.swift in Sources */ = {isa = PBXBuildFile; fileRef = 01MACAPP1E1A0F6600366F13 /* macimeApp.swift */; };
		19E3455B0C2A4C10AAF7 /* KeyMapper.swift in Sources */ = {isa = PBXBuildFile; fileRef = 65169D9936C847C0B57A /* KeyMapper.swift */; };
		8D0AC694F9E54F329859 /* EventHandler.swift in Sources */ = {isa = PBXBuildFile; fileRef = C19486B667414B4D836A /* EventHandler.swift */; };
/* End PBXBuildFile section */

/* Begin PBXContainerItemProxy section */
		017FD7F52E55E939000E9ABF /* PBXContainerItemProxy */ = {
			isa = PBXContainerItemProxy;
			containerPortal = 01EXTERNAL01PROJECT00001 /* HangulKit.xcodeproj */;
			proxyType = 2;
			remoteGlobalIDString = 01HANGUL04PRODUCT0000001;
			remoteInfo = hangul;
		};
		017FD7F72E55E939000E9ABF /* PBXContainerItemProxy */ = {
			isa = PBXContainerItemProxy;
			containerPortal = 01EXTERNAL01PROJECT00001 /* HangulKit.xcodeproj */;
			proxyType = 2;
			remoteGlobalIDString = 01HANGUL04PRODUCT0000002;
			remoteInfo = HangulKit;
		};
		01EXTERNAL03PROXY0000002 /* PBXContainerItemProxy */ = {
			isa = PBXContainerItemProxy;
			containerPortal = 01EXTERNAL01PROJECT00001 /* HangulKit.xcodeproj */;
			proxyType = 1;
			remoteGlobalIDString = 01HANGUL04TARGET00000002;
			remoteInfo = HangulKit;
		};
/* End PBXContainerItemProxy section */

/* Begin PBXCopyFilesBuildPhase section */
		01HANGUL05EMBED000000001 /* Embed Frameworks */ = {
			isa = PBXCopyFilesBuildPhase;
			buildActionMask = 2147483647;
			dstPath = "";
			dstSubfolderSpec = 10;
			files = (
				01EXTERNAL01EMBED0000001 /* HangulKit.framework in Embed Frameworks */,
			);
			name = "Embed Frameworks";
			runOnlyForDeploymentPostprocessing = 0;
		};
/* End PBXCopyFilesBuildPhase section */

/* Begin PBXFileReference section */
		015BE4BF2E1BE3A4007F22FB /* README.md */ = {isa = PBXFileReference; lastKnownFileType = net.daringfireball.markdown; path = README.md; sourceTree = "<group>"; };
		017435C12E1A0F6600366F13 /* macime.app */ = {isa = PBXFileReference; explicitFileType = wrapper.application; includeInIndex = 0; path = macime.app; sourceTree = BUILT_PRODUCTS_DIR; };
		017435C82E1A0F6800366F13 /* Assets.xcassets */ = {isa = PBXFileReference; lastKnownFileType = folder.assetcatalog; path = Assets.xcassets; sourceTree = "<group>"; };
		017435CB2E1A0F6800366F13 /* Preview Assets.xcassets */ = {isa = PBXFileReference; lastKnownFileType = folder.assetcatalog; path = "Preview Assets.xcassets"; sourceTree = "<group>"; };
		017435CD2E1A0F6800366F13 /* macime.entitlements */ = {isa = PBXFileReference; lastKnownFileType = text.plist.entitlements; path = macime.entitlements; sourceTree = "<group>"; };
		017435D52E1A10D300366F13 /* AppDelegate.swift */ = {isa = PBXFileReference; lastKnownFileType = sourcecode.swift; path = AppDelegate.swift; sourceTree = "<group>"; };
		017435D92E1A118B00366F13 /* InputController.swift */ = {isa = PBXFileReference; lastKnownFileType = sourcecode.swift; path = InputController.swift; sourceTree = "<group>"; };
		017435DB2E1A128F00366F13 /* Info.plist */ = {isa = PBXFileReference; lastKnownFileType = text.plist.xml; path = Info.plist; sourceTree = "<group>"; };
		01A15A1D2E1B64FE003AE624 /* han.png */ = {isa = PBXFileReference; lastKnownFileType = image.png; path = han.png; sourceTree = "<group>"; };
		01A15A1E2E1B64FF003AE624 /* eng.png */ = {isa = PBXFileReference; lastKnownFileType = image.png; path = eng.png; sourceTree = "<group>"; };
		01BRIDGE2F1A0F6600366F13 /* Bridging-Header.h */ = {isa = PBXFileReference; lastKnownFileType = sourcecode.c.h; path = "Bridging-Header.h"; sourceTree = "<group>"; };
		01EXTERNAL01PROJECT00001 /* HangulKit.xcodeproj */ = {isa = PBXFileReference; lastKnownFileType = "wrapper.pb-project"; name = HangulKit.xcodeproj; path = HangulKit/HangulKit.xcodeproj; sourceTree = "<group>"; };
		01MACAPP1E1A0F6600366F13 /* macimeApp.swift */ = {isa = PBXFileReference; lastKnownFileType = sourcecode.swift; path = macimeApp.swift; sourceTree = "<group>"; };
		65169D9936C847C0B57A /* KeyMapper.swift */ = {isa = PBXFileReference; lastKnownFileType = sourcecode.swift; path = KeyMapper.swift; sourceTree = "<group>"; };
		C19486B667414B4D836A /* EventHandler.swift */ = {isa = PBXFileReference; lastKnownFileType = sourcecode.swift; path = EventHandler.swift; sourceTree = "<group>"; };
/* End PBXFileReference section */

/* Begin PBXFrameworksBuildPhase section */
		017435BE2E1A0F6600366F13 /* Frameworks */ = {
			isa = PBXFrameworksBuildPhase;
			buildActionMask = 2147483647;
			files = (
				01EXTERNAL01FRAMEWORK001 /* HangulKit.framework in Frameworks */,
			);
			runOnlyForDeploymentPostprocessing = 0;
		};
/* End PBXFrameworksBuildPhase section */

/* Begin PBXGroup section */
		017435B82E1A0F6600366F13 = {
			isa = PBXGroup;
			children = (
				015BE4BF2E1BE3A4007F22FB /* README.md */,
				017435C32E1A0F6600366F13 /* macime */,
				01EXTERNAL01PROJECT00001 /* HangulKit.xcodeproj */,
				017435C22E1A0F6600366F13 /* Products */,
			);
			sourceTree = "<group>";
		};
		017435C22E1A0F6600366F13 /* Products */ = {
			isa = PBXGroup;
			children = (
				017435C12E1A0F6600366F13 /* macime.app */,
			);
			name = Products;
			sourceTree = "<group>";
		};
		017435C32E1A0F6600366F13 /* macime */ = {
			isa = PBXGroup;
			children = (
				017435DB2E1A128F00366F13 /* Info.plist */,
				C19486B667414B4D836A /* EventHandler.swift */,
				65169D9936C847C0B57A /* KeyMapper.swift */,
				017435D52E1A10D300366F13 /* AppDelegate.swift */,
				017435D92E1A118B00366F13 /* InputController.swift */,
				01MACAPP1E1A0F6600366F13 /* macimeApp.swift */,
				01BRIDGE2F1A0F6600366F13 /* Bridging-Header.h */,
				017435C82E1A0F6800366F13 /* Assets.xcassets */,
				01A15A1D2E1B64FE003AE624 /* han.png */,
				01A15A1E2E1B64FF003AE624 /* eng.png */,
				017435CD2E1A0F6800366F13 /* macime.entitlements */,
				017435CA2E1A0F6800366F13 /* Preview Content */,
			);
			path = macime;
			sourceTree = "<group>";
		};
		017435CA2E1A0F6800366F13 /* Preview Content */ = {
			isa = PBXGroup;
			children = (
				017435CB2E1A0F6800366F13 /* Preview Assets.xcassets */,
			);
			path = "Preview Content";
			sourceTree = "<group>";
		};
		017FD7F12E55E933000E9ABF /* Products */ = {
			isa = PBXGroup;
			children = (
				017FD7F62E55E939000E9ABF /* libhangul.a */,
				017FD7F82E55E939000E9ABF /* HangulKit.framework */,
			);
			name = Products;
			sourceTree = "<group>";
		};
/* End PBXGroup section */

/* Begin PBXNativeTarget section */
		017435C02E1A0F6600366F13 /* macime */ = {
			isa = PBXNativeTarget;
			buildConfigurationList = 017435D02E1A0F6800366F13 /* Build configuration list for PBXNativeTarget "macime" */;
			buildPhases = (
				017435BD2E1A0F6600366F13 /* Sources */,
				017435BE2E1A0F6600366F13 /* Frameworks */,
				017435BF2E1A0F6600366F13 /* Resources */,
				01HANGUL05EMBED000000001 /* Embed Frameworks */,
			);
			buildRules = (
			);
			dependencies = (
				01EXTERNAL06DEPEND0000001 /* PBXTargetDependency */,
			);
			name = macime;
			productName = macime;
			productReference = 017435C12E1A0F6600366F13 /* macime.app */;
			productType = "com.apple.product-type.application";
		};
/* End PBXNativeTarget section */

/* Begin PBXProject section */
		017435B92E1A0F6600366F13 /* Project object */ = {
			isa = PBXProject;
			attributes = {
				BuildIndependentTargetsInParallel = 1;
				LastSwiftUpdateCheck = 1420;
				LastUpgradeCheck = 1420;
				TargetAttributes = {
					017435C02E1A0F6600366F13 = {
						CreatedOnToolsVersion = 14.2;
					};
				};
			};
			buildConfigurationList = 017435BC2E1A0F6600366F13 /* Build configuration list for PBXProject "macime" */;
			compatibilityVersion = "Xcode 14.0";
			developmentRegion = en;
			hasScannedForEncodings = 0;
			knownRegions = (
				en,
				Base,
			);
			mainGroup = 017435B82E1A0F6600366F13;
			productRefGroup = 017435C22E1A0F6600366F13 /* Products */;
			projectDirPath = "";
			projectReferences = (
				{
					ProductGroup = 017FD7F12E55E933000E9ABF /* Products */;
					ProjectRef = 01EXTERNAL01PROJECT00001 /* HangulKit.xcodeproj */;
				},
			);
			projectRoot = "";
			targets = (
				017435C02E1A0F6600366F13 /* macime */,
			);
		};
/* End PBXProject section */

/* Begin PBXReferenceProxy section */
		017FD7F62E55E939000E9ABF /* libhangul.a */ = {
			isa = PBXReferenceProxy;
			fileType = archive.ar;
			path = libhangul.a;
			remoteRef = 017FD7F52E55E939000E9ABF /* PBXContainerItemProxy */;
			sourceTree = BUILT_PRODUCTS_DIR;
		};
		017FD7F82E55E939000E9ABF /* HangulKit.framework */ = {
			isa = PBXReferenceProxy;
			fileType = wrapper.framework;
			path = HangulKit.framework;
			remoteRef = 017FD7F72E55E939000E9ABF /* PBXContainerItemProxy */;
			sourceTree = BUILT_PRODUCTS_DIR;
		};
/* End PBXReferenceProxy section */

/* Begin PBXResourcesBuildPhase section */
		017435BF2E1A0F6600366F13 /* Resources */ = {
			isa = PBXResourcesBuildPhase;
			buildActionMask = 2147483647;
			files = (
				017435CC2E1A0F6800366F13 /* Preview Assets.xcassets in Resources */,
				01A15A0F2E1B64FE003AE624 /* han.png in Resources */,
				01A15A102E1B64FF003AE624 /* eng.png in Resources */,
				017435C92E1A0F6800366F13 /* Assets.xcassets in Resources */,
			);
			runOnlyForDeploymentPostprocessing = 0;
		};
/* End PBXResourcesBuildPhase section */

/* Begin PBXSourcesBuildPhase section */
		017435BD2E1A0F6600366F13 /* Sources */ = {
			isa = PBXSourcesBuildPhase;
			buildActionMask = 2147483647;
			files = (
				017435D62E1A10D300366F13 /* AppDelegate.swift in Sources */,
				01MACAPP2E1A0F6600366F13 /* macimeApp.swift in Sources */,
				017435DA2E1A118B00366F13 /* InputController.swift in Sources */,
				19E3455B0C2A4C10AAF7 /* KeyMapper.swift in Sources */,
				8D0AC694F9E54F329859 /* EventHandler.swift in Sources */,
			);
			runOnlyForDeploymentPostprocessing = 0;
		};
/* End PBXSourcesBuildPhase section */

/* Begin PBXTargetDependency section */
		01EXTERNAL06DEPEND0000001 /* PBXTargetDependency */ = {
			isa = PBXTargetDependency;
			name = HangulKit;
			targetProxy = 01EXTERNAL03PROXY0000002 /* PBXContainerItemProxy */;
		};
/* End PBXTargetDependency section */

/* Begin XCBuildConfiguration section */
		017435CE2E1A0F6800366F13 /* Debug */ = {
			isa = XCBuildConfiguration;
			buildSettings = {
				ALWAYS_SEARCH_USER_PATHS = NO;
				CLANG_ANALYZER_NONNULL = YES;
				CLANG_ANALYZER_NUMBER_OBJECT_CONVERSION = YES_AGGRESSIVE;
				CLANG_CXX_LANGUAGE_STANDARD = "gnu++20";
				CLANG_ENABLE_MODULES = YES;
				CLANG_ENABLE_OBJC_ARC = YES;
				CLANG_ENABLE_OBJC_WEAK = YES;
				CLANG_WARN_BLOCK_CAPTURE_AUTORELEASING = YES;
				CLANG_WARN_BOOL_CONVERSION = YES;
				CLANG_WARN_COMMA = YES;
				CLANG_WARN_CONSTANT_CONVERSION = YES;
				CLANG_WARN_DEPRECATED_OBJC_IMPLEMENTATIONS = YES;
				CLANG_WARN_DIRECT_OBJC_ISA_USAGE = YES_ERROR;
				CLANG_WARN_DOCUMENTATION_COMMENTS = YES;
				CLANG_WARN_EMPTY_BODY = YES;
				CLANG_WARN_ENUM_CONVERSION = YES;
				CLANG_WARN_INFINITE_RECURSION = YES;
				CLANG_WARN_INT_CONVERSION = YES;
				CLANG_WARN_NON_LITERAL_NULL_CONVERSION = YES;
				CLANG_WARN_OBJC_IMPLICIT_RETAIN_SELF = YES;
				CLANG_WARN_OBJC_LITERAL_CONVERSION = YES;
				CLANG_WARN_OBJC_ROOT_CLASS = YES_ERROR;
				CLANG_WARN_QUOTED_INCLUDE_IN_FRAMEWORK_HEADER = YES;
				CLANG_WARN_RANGE_LOOP_ANALYSIS = YES;
				CLANG_WARN_STRICT_PROTOTYPES = YES;
				CLANG_WARN_SUSPICIOUS_MOVE = YES;
				CLANG_WARN_UNGUARDED_AVAILABILITY = YES_AGGRESSIVE;
				CLANG_WARN_UNREACHABLE_CODE = YES;
				CLANG_WARN_UNUSED_FUNCTION = YES;
				CLANG_WARN_UNUSED_VARIABLE = YES;
				COPY_PHASE_STRIP = NO;
				DEBUG_INFORMATION_FORMAT = dwarf;
				ENABLE_STRICT_OBJC_MSGSEND = YES;
				ENABLE_TESTABILITY = YES;
				GCC_C_LANGUAGE_STANDARD = gnu11;
				GCC_DYNAMIC_NO_PIC = NO;
				GCC_NO_COMMON_BLOCKS = YES;
				GCC_OPTIMIZATION_LEVEL = 0;
				GCC_PREPROCESSOR_DEFINITIONS = (
					"DEBUG=1",
					"$(inherited)",
				);
				GCC_WARN_64_TO_32_BIT_CONVERSION = YES;
				GCC_WARN_ABOUT_RETURN_TYPE = YES_ERROR;
				GCC_WARN_UNDECLARED_SELECTOR = YES;
				GCC_WARN_UNINITIALIZED_AUTOS = YES_AGGRESSIVE;
				GCC_WARN_UNUSED_FUNCTION = YES;
				GCC_WARN_UNUSED_VARIABLE = YES;
				MACOSX_DEPLOYMENT_TARGET = 12.7;
				MTL_ENABLE_DEBUG_INFO = INCLUDE_SOURCE;
				MTL_FAST_MATH = YES;
				ONLY_ACTIVE_ARCH = YES;
				SDKROOT = macosx;
				SWIFT_ACTIVE_COMPILATION_CONDITIONS = DEBUG;
				SWIFT_OPTIMIZATION_LEVEL = "-Onone";
			};
			name = Debug;
		};
		017435CF2E1A0F6800366F13 /* Release */ = {
			isa = XCBuildConfiguration;
			buildSettings = {
				ALWAYS_SEARCH_USER_PATHS = NO;
				CLANG_ANALYZER_NONNULL = YES;
				CLANG_ANALYZER_NUMBER_OBJECT_CONVERSION = YES_AGGRESSIVE;
				CLANG_CXX_LANGUAGE_STANDARD = "gnu++20";
				CLANG_ENABLE_MODULES = YES;
				CLANG_ENABLE_OBJC_ARC = YES;
				CLANG_ENABLE_OBJC_WEAK = YES;
				CLANG_WARN_BLOCK_CAPTURE_AUTORELEASING = YES;
				CLANG_WARN_BOOL_CONVERSION = YES;
				CLANG_WARN_COMMA = YES;
				CLANG_WARN_CONSTANT_CONVERSION = YES;
				CLANG_WARN_DEPRECATED_OBJC_IMPLEMENTATIONS = YES;
				CLANG_WARN_DIRECT_OBJC_ISA_USAGE = YES_ERROR;
				CLANG_WARN_DOCUMENTATION_COMMENTS = YES;
				CLANG_WARN_EMPTY_BODY = YES;
				CLANG_WARN_ENUM_CONVERSION = YES;
				CLANG_WARN_INFINITE_RECURSION = YES;
				CLANG_WARN_INT_CONVERSION = YES;
				CLANG_WARN_NON_LITERAL_NULL_CONVERSION = YES;
				CLANG_WARN_OBJC_IMPLICIT_RETAIN_SELF = YES;
				CLANG_WARN_OBJC_LITERAL_CONVERSION = YES;
				CLANG_WARN_OBJC_ROOT_CLASS = YES_ERROR;
				CLANG_WARN_QUOTED_INCLUDE_IN_FRAMEWORK_HEADER = YES;
				CLANG_WARN_RANGE_LOOP_ANALYSIS = YES;
				CLANG_WARN_STRICT_PROTOTYPES = YES;
				CLANG_WARN_SUSPICIOUS_MOVE = YES;
				CLANG_WARN_UNGUARDED_AVAILABILITY = YES_AGGRESSIVE;
				CLANG_WARN_UNREACHABLE_CODE = YES;
				CLANG_WARN_UNUSED_FUNCTION = YES;
				CLANG_WARN_UNUSED_VARIABLE = YES;
				COPY_PHASE_STRIP = NO;
				DEBUG_INFORMATION_FORMAT = "dwarf-with-dsym";
				ENABLE_NS_ASSERTIONS = NO;
				ENABLE_STRICT_OBJC_MSGSEND = YES;
				GCC_C_LANGUAGE_STANDARD = gnu11;
				GCC_NO_COMMON_BLOCKS = YES;
				GCC_WARN_64_TO_32_BIT_CONVERSION = YES;
				GCC_WARN_ABOUT_RETURN_TYPE = YES_ERROR;
				GCC_WARN_UNDECLARED_SELECTOR = YES;
				GCC_WARN_UNINITIALIZED_AUTOS = YES_AGGRESSIVE;
				GCC_WARN_UNUSED_FUNCTION = YES;
				GCC_WARN_UNUSED_VARIABLE = YES;
				MACOSX_DEPLOYMENT_TARGET = 12.7;
				MTL_ENABLE_DEBUG_INFO = NO;
				MTL_FAST_MATH = YES;
				SDKROOT = macosx;
				SWIFT_COMPILATION_MODE = wholemodule;
				SWIFT_OPTIMIZATION_LEVEL = "-O";
			};
			name = Release;
		};
		017435D12E1A0F6800366F13 /* Debug */ = {
			isa = XCBuildConfiguration;
			buildSettings = {
				ASSETCATALOG_COMPILER_APPICON_NAME = AppIcon;
				ASSETCATALOG_COMPILER_GLOBAL_ACCENT_COLOR_NAME = AccentColor;
				CODE_SIGN_ENTITLEMENTS = macime/macime.entitlements;
				CODE_SIGN_STYLE = Automatic;
				COMBINE_HIDPI_IMAGES = YES;
				CURRENT_PROJECT_VERSION = 1;
				FRAMEWORK_SEARCH_PATHS = (
					"$(inherited)",
					"$(BUILT_PRODUCTS_DIR)",
				);
				"FRAMEWORK_SEARCH_PATHS[sdk=macosx*]" = "$(inherited) $(BUILT_PRODUCTS_DIR) $(PROJECT_DIR)/HangulKit/build/Debug";
				GENERATE_INFOPLIST_FILE = NO;
				INFOPLIST_FILE = macime/Info.plist;
				INFOPLIST_KEY_LSApplicationCategoryType = "public.app-category.utilities";
				INFOPLIST_KEY_NSHumanReadableCopyright = "";
				LD_RUNPATH_SEARCH_PATHS = (
					"$(inherited)",
					"@executable_path/../Frameworks",
				);
				MARKETING_VERSION = 1.0;
				PRODUCT_BUNDLE_IDENTIFIER = com.inputmethod.macime;
				PRODUCT_NAME = "$(TARGET_NAME)";
				SWIFT_EMIT_LOC_STRINGS = YES;
				SWIFT_OBJC_BRIDGING_HEADER = "macime/Bridging-Header.h";
				SWIFT_VERSION = 5.0;
			};
			name = Debug;
		};
		017435D22E1A0F6800366F13 /* Release */ = {
			isa = XCBuildConfiguration;
			buildSettings = {
				ASSETCATALOG_COMPILER_APPICON_NAME = AppIcon;
				ASSETCATALOG_COMPILER_GLOBAL_ACCENT_COLOR_NAME = AccentColor;
				CODE_SIGN_ENTITLEMENTS = macime/macime.entitlements;
				CODE_SIGN_STYLE = Automatic;
				COMBINE_HIDPI_IMAGES = YES;
				CURRENT_PROJECT_VERSION = 1;
				FRAMEWORK_SEARCH_PATHS = (
					"$(inherited)",
					"$(BUILT_PRODUCTS_DIR)",
				);
				"FRAMEWORK_SEARCH_PATHS[sdk=macosx*]" = "$(inherited) $(BUILT_PRODUCTS_DIR) $(PROJECT_DIR)/HangulKit/build/Debug";
				GENERATE_INFOPLIST_FILE = NO;
				INFOPLIST_FILE = macime/Info.plist;
				INFOPLIST_KEY_LSApplicationCategoryType = "public.app-category.utilities";
				INFOPLIST_KEY_NSHumanReadableCopyright = "";
				LD_RUNPATH_SEARCH_PATHS = (
					"$(inherited)",
					"@executable_path/../Frameworks",
				);
				MARKETING_VERSION = 1.0;
				PRODUCT_BUNDLE_IDENTIFIER = com.inputmethod.macime;
				PRODUCT_NAME = "$(TARGET_NAME)";
				SWIFT_EMIT_LOC_STRINGS = YES;
				SWIFT_OBJC_BRIDGING_HEADER = "macime/Bridging-Header.h";
				SWIFT_VERSION = 5.0;
			};
			name = Release;
		};
/* End XCBuildConfiguration section */

/* Begin XCConfigurationList section */
		017435BC2E1A0F6600366F13 /* Build configuration list for PBXProject "macime" */ = {
			isa = XCConfigurationList;
			buildConfigurations = (
				017435CE2E1A0F6800366F13 /* Debug */,
				017435CF2E1A0F6800366F13 /* Release */,
			);
			defaultConfigurationIsVisible = 0;
			defaultConfigurationName = Release;
		};
		017435D02E1A0F6800366F13 /* Build configuration list for PBXNativeTarget "macime" */ = {
			isa = XCConfigurationList;
			buildConfigurations = (
				017435D12E1A0F6800366F13 /* Debug */,
				017435D22E1A0F6800366F13 /* Release */,
			);
			defaultConfigurationIsVisible = 0;
			defaultConfigurationName = Release;
		};
/* End XCConfigurationList section */
	};
	rootObject = 017435B92E1A0F6600366F13 /* Project object */;
}
